
Microsoft Visual Studio Solution File, Format Version 12.00
# Visual Studio Version 17
VisualStudioVersion = 17.1.32407.343
MinimumVisualStudioVersion = 10.0.40219.1
Project("{9A19103F-16F7-4668-BE54-9A1E7A4F7556}") = "Letter_Maker", "Letter_Maker\Letter_Maker.csproj", "{B7875DE0-ABE4-4135-806A-4BBA67E655B9}"
EndProject
Global
	GlobalSection(SolutionConfigurationPlatforms) = preSolution
		Debug|Any CPU = Debug|Any CPU
		Release|Any CPU = Release|Any CPU
	EndGlobalSection
	GlobalSection(ProjectConfigurationPlatforms) = postSolution
		{B7875DE0-ABE4-4135-806A-4BBA67E655B9}.Debug|Any CPU.ActiveCfg = Release|Any CPU
		{B7875DE0-ABE4-4135-806A-4BBA67E655B9}.Debug|Any CPU.Build.0 = Release|Any CPU
		{B7875DE0-ABE4-4135-806A-4BBA67E655B9}.Release|Any CPU.ActiveCfg = Release|Any CPU
		{B7875DE0-ABE4-4135-806A-4BBA67E655B9}.Release|Any CPU.Build.0 = Release|Any CPU
	EndGlobalSection
	GlobalSection(SolutionProperties) = preSolution
		HideSolutionNode = FALSE
	EndGlobalSection
	GlobalSection(ExtensibilityGlobals) = postSolution
		SolutionGuid = {3013340A-75EC-4FE7-BB0C-8D08C8D82FB8}
	EndGlobalSection
EndGlobal
